// !$*UTF8*$!
{
	archiveVersion = 1;
	classes = {
	};
	objectVersion = 50;
	objects = {

/* Begin PBXBuildFile section */
		2C4F015123877EC30017063C /* AppDelegate.swift in Sources */ = {isa = PBXBuildFile; fileRef = 2C4F015023877EC30017063C /* AppDelegate.swift */; };
		2C4F015323877EC30017063C /* SceneDelegate.swift in Sources */ = {isa = PBXBuildFile; fileRef = 2C4F015223877EC30017063C /* SceneDelegate.swift */; };
		2C4F015523877EC30017063C /* ContentView.swift in Sources */ = {isa = PBXBuildFile; fileRef = 2C4F015423877EC30017063C /* ContentView.swift */; };
		2C4F015723877EC50017063C /* Assets.xcassets in Resources */ = {isa = PBXBuildFile; fileRef = 2C4F015623877EC50017063C /* Assets.xcassets */; };
		2C4F015A23877EC50017063C /* Preview Assets.xcassets in Resources */ = {isa = PBXBuildFile; fileRef = 2C4F015923877EC50017063C /* Preview Assets.xcassets */; };
		2C4F015D23877EC50017063C /* LaunchScreen.storyboard in Resources */ = {isa = PBXBuildFile; fileRef = 2C4F015B23877EC50017063C /* LaunchScreen.storyboard */; };
		2C4F016523877F4C0017063C /* User.swift in Sources */ = {isa = PBXBuildFile; fileRef = 2C4F016423877F4C0017063C /* User.swift */; };
		2C4F016723877F6B0017063C /* Friend.swift in Sources */ = {isa = PBXBuildFile; fileRef = 2C4F016623877F6B0017063C /* Friend.swift */; };
		2C4F0169238785690017063C /* UserView.swift in Sources */ = {isa = PBXBuildFile; fileRef = 2C4F0168238785690017063C /* UserView.swift */; };
		2C4F016B238785840017063C /* UserRowView.swift in Sources */ = {isa = PBXBuildFile; fileRef = 2C4F016A238785840017063C /* UserRowView.swift */; };
		2C4F016D23880B880017063C /* UserListModel.swift in Sources */ = {isa = PBXBuildFile; fileRef = 2C4F016C23880B880017063C /* UserListModel.swift */; };
		2C4F0177238870510017063C /* ActiveIndicator.swift in Sources */ = {isa = PBXBuildFile; fileRef = 2C4F0176238870510017063C /* ActiveIndicator.swift */; };
		2C4F017B238C1EDE0017063C /* TagsView.swift in Sources */ = {isa = PBXBuildFile; fileRef = 2C4F017A238C1EDE0017063C /* TagsView.swift */; };
		2C4F017D238C24D20017063C /* AboutHeightReader.swift in Sources */ = {isa = PBXBuildFile; fileRef = 2C4F017C238C24D20017063C /* AboutHeightReader.swift */; };
/* End PBXBuildFile section */

/* Begin PBXFileReference section */
		2C4F014D23877EC30017063C /* Day60Challenge.app */ = {isa = PBXFileReference; explicitFileType = wrapper.application; includeInIndex = 0; path = Day60Challenge.app; sourceTree = BUILT_PRODUCTS_DIR; };
		2C4F015023877EC30017063C /* AppDelegate.swift */ = {isa = PBXFileReference; lastKnownFileType = sourcecode.swift; path = AppDelegate.swift; sourceTree = "<group>"; };
		2C4F015223877EC30017063C /* SceneDelegate.swift */ = {isa = PBXFileReference; lastKnownFileType = sourcecode.swift; path = SceneDelegate.swift; sourceTree = "<group>"; };
		2C4F015423877EC30017063C /* ContentView.swift */ = {isa = PBXFileReference; lastKnownFileType = sourcecode.swift; path = ContentView.swift; sourceTree = "<group>"; };
		2C4F015623877EC50017063C /* Assets.xcassets */ = {isa = PBXFileReference; lastKnownFileType = folder.assetcatalog; path = Assets.xcassets; sourceTree = "<group>"; };
		2C4F015923877EC50017063C /* Preview Assets.xcassets */ = {isa = PBXFileReference; lastKnownFileType = folder.assetcatalog; path = "Preview Assets.xcassets"; sourceTree = "<group>"; };
		2C4F015C23877EC50017063C /* Base */ = {isa = PBXFileReference; lastKnownFileType = file.storyboard; name = Base; path = Base.lproj/LaunchScreen.storyboard; sourceTree = "<group>"; };
		2C4F015E23877EC50017063C /* Info.plist */ = {isa = PBXFileReference; lastKnownFileType = text.plist.xml; path = Info.plist; sourceTree = "<group>"; };
		2C4F016423877F4C0017063C /* User.swift */ = {isa = PBXFileReference; lastKnownFileType = sourcecode.swift; path = User.swift; sourceTree = "<group>"; };
		2C4F016623877F6B0017063C /* Friend.swift */ = {isa = PBXFileReference; lastKnownFileType = sourcecode.swift; path = Friend.swift; sourceTree = "<group>"; };
		2C4F0168238785690017063C /* UserView.swift */ = {isa = PBXFileReference; lastKnownFileType = sourcecode.swift; path = UserView.swift; sourceTree = "<group>"; };
		2C4F016A238785840017063C /* UserRowView.swift */ = {isa = PBXFileReference; lastKnownFileType = sourcecode.swift; path = UserRowView.swift; sourceTree = "<group>"; };
		2C4F016C23880B880017063C /* UserListModel.swift */ = {isa = PBXFileReference; lastKnownFileType = sourcecode.swift; path = UserListModel.swift; sourceTree = "<group>"; };
		2C4F0176238870510017063C /* ActiveIndicator.swift */ = {isa = PBXFileReference; lastKnownFileType = sourcecode.swift; path = ActiveIndicator.swift; sourceTree = "<group>"; };
		2C4F017A238C1EDE0017063C /* TagsView.swift */ = {isa = PBXFileReference; lastKnownFileType = sourcecode.swift; path = TagsView.swift; sourceTree = "<group>"; };
		2C4F017C238C24D20017063C /* AboutHeightReader.swift */ = {isa = PBXFileReference; lastKnownFileType = sourcecode.swift; path = AboutHeightReader.swift; sourceTree = "<group>"; };
/* End PBXFileReference section */

/* Begin PBXFrameworksBuildPhase section */
		2C4F014A23877EC30017063C /* Frameworks */ = {
			isa = PBXFrameworksBuildPhase;
			buildActionMask = 2147483647;
			files = (
			);
			runOnlyForDeploymentPostprocessing = 0;
		};
/* End PBXFrameworksBuildPhase section */

/* Begin PBXGroup section */
		2C4F014423877EC30017063C = {
			isa = PBXGroup;
			children = (
				2C4F014F23877EC30017063C /* Day60Challenge */,
				2C4F014E23877EC30017063C /* Products */,
			);
			sourceTree = "<group>";
		};
		2C4F014E23877EC30017063C /* Products */ = {
			isa = PBXGroup;
			children = (
				2C4F014D23877EC30017063C /* Day60Challenge.app */,
			);
			name = Products;
			sourceTree = "<group>";
		};
		2C4F014F23877EC30017063C /* Day60Challenge */ = {
			isa = PBXGroup;
			children = (
				2C4F015023877EC30017063C /* AppDelegate.swift */,
				2C4F015223877EC30017063C /* SceneDelegate.swift */,
				2C4F015423877EC30017063C /* ContentView.swift */,
				2C4F016A238785840017063C /* UserRowView.swift */,
				2C4F0168238785690017063C /* UserView.swift */,
				2C4F017A238C1EDE0017063C /* TagsView.swift */,
				2C4F017C238C24D20017063C /* AboutHeightReader.swift */,
				2C4F0176238870510017063C /* ActiveIndicator.swift */,
				2C4F016C23880B880017063C /* UserListModel.swift */,
				2C4F016423877F4C0017063C /* User.swift */,
				2C4F016623877F6B0017063C /* Friend.swift */,
				2C4F015623877EC50017063C /* Assets.xcassets */,
				2C4F015B23877EC50017063C /* LaunchScreen.storyboard */,
				2C4F015E23877EC50017063C /* Info.plist */,
				2C4F015823877EC50017063C /* Preview Content */,
			);
			path = Day60Challenge;
			sourceTree = "<group>";
		};
		2C4F015823877EC50017063C /* Preview Content */ = {
			isa = PBXGroup;
			children = (
				2C4F015923877EC50017063C /* Preview Assets.xcassets */,
			);
			path = "Preview Content";
			sourceTree = "<group>";
		};
/* End PBXGroup section */

/* Begin PBXNativeTarget section */
		2C4F014C23877EC30017063C /* Day60Challenge */ = {
			isa = PBXNativeTarget;
			buildConfigurationList = 2C4F016123877EC50017063C /* Build configuration list for PBXNativeTarget "Day60Challenge" */;
			buildPhases = (
				2C4F014923877EC30017063C /* Sources */,
				2C4F014A23877EC30017063C /* Frameworks */,
				2C4F014B23877EC30017063C /* Resources */,
			);
			buildRules = (
			);
			dependencies = (
			);
			name = Day60Challenge;
			productName = Day60Challenge;
			productReference = 2C4F014D23877EC30017063C /* Day60Challenge.app */;
			productType = "com.apple.product-type.application";
		};
/* End PBXNativeTarget section */

/* Begin PBXProject section */
		2C4F014523877EC30017063C /* Project object */ = {
			isa = PBXProject;
			attributes = {
				LastSwiftUpdateCheck = 1120;
				LastUpgradeCheck = 1120;
				ORGANIZATIONNAME = "John Mueller";
				TargetAttributes = {
					2C4F014C23877EC30017063C = {
						CreatedOnToolsVersion = 11.2.1;
					};
				};
			};
			buildConfigurationList = 2C4F014823877EC30017063C /* Build configuration list for PBXProject "Day60Challenge" */;
			compatibilityVersion = "Xcode 9.3";
			developmentRegion = en;
			hasScannedForEncodings = 0;
			knownRegions = (
				en,
				Base,
			);
			mainGroup = 2C4F014423877EC30017063C;
			productRefGroup = 2C4F014E23877EC30017063C /* Products */;
			projectDirPath = "";
			projectRoot = "";
			targets = (
				2C4F014C23877EC30017063C /* Day60Challenge */,
			);
		};
/* End PBXProject section */

/* Begin PBXResourcesBuildPhase section */
		2C4F014B23877EC30017063C /* Resources */ = {
			isa = PBXResourcesBuildPhase;
			buildActionMask = 2147483647;
			files = (
				2C4F015D23877EC50017063C /* LaunchScreen.storyboard in Resources */,
				2C4F015A23877EC50017063C /* Preview Assets.xcassets in Resources */,
				2C4F015723877EC50017063C /* Assets.xcassets in Resources */,
			);
			runOnlyForDeploymentPostprocessing = 0;
		};
/* End PBXResourcesBuildPhase section */

/* Begin PBXSourcesBuildPhase section */
		2C4F014923877EC30017063C /* Sources */ = {
			isa = PBXSourcesBuildPhase;
			buildActionMask = 2147483647;
			files = (
				2C4F017D238C24D20017063C /* AboutHeightReader.swift in Sources */,
				2C4F016B238785840017063C /* UserRowView.swift in Sources */,
				2C4F016523877F4C0017063C /* User.swift in Sources */,
				2C4F0177238870510017063C /* ActiveIndicator.swift in Sources */,
				2C4F016D23880B880017063C /* UserListModel.swift in Sources */,
				2C4F0169238785690017063C /* UserView.swift in Sources */,
				2C4F015123877EC30017063C /* AppDelegate.swift in Sources */,
				2C4F016723877F6B0017063C /* Friend.swift in Sources */,
				2C4F015323877EC30017063C /* SceneDelegate.swift in Sources */,
				2C4F017B238C1EDE0017063C /* TagsView.swift in Sources */,
				2C4F015523877EC30017063C /* ContentView.swift in Sources */,
			);
			runOnlyForDeploymentPostprocessing = 0;
		};
/* End PBXSourcesBuildPhase section */

/* Begin PBXVariantGroup section */
		2C4F015B23877EC50017063C /* LaunchScreen.storyboard */ = {
			isa = PBXVariantGroup;
			children = (
				2C4F015C23877EC50017063C /* Base */,
			);
			name = LaunchScreen.storyboard;
			sourceTree = "<group>";
		};
/* End PBXVariantGroup section */

/* Begin XCBuildConfiguration section */
		2C4F015F23877EC50017063C /* Debug */ = {
			isa = XCBuildConfiguration;
			buildSettings = {
				ALWAYS_SEARCH_USER_PATHS = NO;
				CLANG_ANALYZER_NONNULL = YES;
				CLANG_ANALYZER_NUMBER_OBJECT_CONVERSION = YES_AGGRESSIVE;
				CLANG_CXX_LANGUAGE_STANDARD = "gnu++14";
				CLANG_CXX_LIBRARY = "libc++";
				CLANG_ENABLE_MODULES = YES;
				CLANG_ENABLE_OBJC_ARC = YES;
				CLANG_ENABLE_OBJC_WEAK = YES;
				CLANG_WARN_BLOCK_CAPTURE_AUTORELEASING = YES;
				CLANG_WARN_BOOL_CONVERSION = YES;
				CLANG_WARN_COMMA = YES;
				CLANG_WARN_CONSTANT_CONVERSION = YES;
				CLANG_WARN_DEPRECATED_OBJC_IMPLEMENTATIONS = YES;
				CLANG_WARN_DIRECT_OBJC_ISA_USAGE = YES_ERROR;
				CLANG_WARN_DOCUMENTATION_COMMENTS = YES;
				CLANG_WARN_EMPTY_BODY = YES;
				CLANG_WARN_ENUM_CONVERSION = YES;
				CLANG_WARN_INFINITE_RECURSION = YES;
				CLANG_WARN_INT_CONVERSION = YES;
				CLANG_WARN_NON_LITERAL_NULL_CONVERSION = YES;
				CLANG_WARN_OBJC_IMPLICIT_RETAIN_SELF = YES;
				CLANG_WARN_OBJC_LITERAL_CONVERSION = YES;
				CLANG_WARN_OBJC_ROOT_CLASS = YES_ERROR;
				CLANG_WARN_RANGE_LOOP_ANALYSIS = YES;
				CLANG_WARN_STRICT_PROTOTYPES = YES;
				CLANG_WARN_SUSPICIOUS_MOVE = YES;
				CLANG_WARN_UNGUARDED_AVAILABILITY = YES_AGGRESSIVE;
				CLANG_WARN_UNREACHABLE_CODE = YES;
				CLANG_WARN__DUPLICATE_METHOD_MATCH = YES;
				COPY_PHASE_STRIP = NO;
				DEBUG_INFORMATION_FORMAT = dwarf;
				ENABLE_STRICT_OBJC_MSGSEND = YES;
				ENABLE_TESTABILITY = YES;
				GCC_C_LANGUAGE_STANDARD = gnu11;
				GCC_DYNAMIC_NO_PIC = NO;
				GCC_NO_COMMON_BLOCKS = YES;
				GCC_OPTIMIZATION_LEVEL = 0;
				GCC_PREPROCESSOR_DEFINITIONS = (
					"DEBUG=1",
					"$(inherited)",
				);
				GCC_WARN_64_TO_32_BIT_CONVERSION = YES;
				GCC_WARN_ABOUT_RETURN_TYPE = YES_ERROR;
				GCC_WARN_UNDECLARED_SELECTOR = YES;
				GCC_WARN_UNINITIALIZED_AUTOS = YES_AGGRESSIVE;
				GCC_WARN_UNUSED_FUNCTION = YES;
				GCC_WARN_UNUSED_VARIABLE = YES;
				IPHONEOS_DEPLOYMENT_TARGET = 13.2;
				MTL_ENABLE_DEBUG_INFO = INCLUDE_SOURCE;
				MTL_FAST_MATH = YES;
				ONLY_ACTIVE_ARCH = YES;
				SDKROOT = iphoneos;
				SWIFT_ACTIVE_COMPILATION_CONDITIONS = DEBUG;
				SWIFT_OPTIMIZATION_LEVEL = "-Onone";
			};
			name = Debug;
		};
		2C4F016023877EC50017063C /* Release */ = {
			isa = XCBuildConfiguration;
			buildSettings = {
				ALWAYS_SEARCH_USER_PATHS = NO;
				CLANG_ANALYZER_NONNULL = YES;
				CLANG_ANALYZER_NUMBER_OBJECT_CONVERSION = YES_AGGRESSIVE;
				CLANG_CXX_LANGUAGE_STANDARD = "gnu++14";
				CLANG_CXX_LIBRARY = "libc++";
				CLANG_ENABLE_MODULES = YES;
				CLANG_ENABLE_OBJC_ARC = YES;
				CLANG_ENABLE_OBJC_WEAK = YES;
				CLANG_WARN_BLOCK_CAPTURE_AUTORELEASING = YES;
				CLANG_WARN_BOOL_CONVERSION = YES;
				CLANG_WARN_COMMA = YES;
				CLANG_WARN_CONSTANT_CONVERSION = YES;
				CLANG_WARN_DEPRECATED_OBJC_IMPLEMENTATIONS = YES;
				CLANG_WARN_DIRECT_OBJC_ISA_USAGE = YES_ERROR;
				CLANG_WARN_DOCUMENTATION_COMMENTS = YES;
				CLANG_WARN_EMPTY_BODY = YES;
				CLANG_WARN_ENUM_CONVERSION = YES;
				CLANG_WARN_INFINITE_RECURSION = YES;
				CLANG_WARN_INT_CONVERSION = YES;
				CLANG_WARN_NON_LITERAL_NULL_CONVERSION = YES;
				CLANG_WARN_OBJC_IMPLICIT_RETAIN_SELF = YES;
				CLANG_WARN_OBJC_LITERAL_CONVERSION = YES;
				CLANG_WARN_OBJC_ROOT_CLASS = YES_ERROR;
				CLANG_WARN_RANGE_LOOP_ANALYSIS = YES;
				CLANG_WARN_STRICT_PROTOTYPES = YES;
				CLANG_WARN_SUSPICIOUS_MOVE = YES;
				CLANG_WARN_UNGUARDED_AVAILABILITY = YES_AGGRESSIVE;
				CLANG_WARN_UNREACHABLE_CODE = YES;
				CLANG_WARN__DUPLICATE_METHOD_MATCH = YES;
				COPY_PHASE_STRIP = NO;
				DEBUG_INFORMATION_FORMAT = "dwarf-with-dsym";
				ENABLE_NS_ASSERTIONS = NO;
				ENABLE_STRICT_OBJC_MSGSEND = YES;
				GCC_C_LANGUAGE_STANDARD = gnu11;
				GCC_NO_COMMON_BLOCKS = YES;
				GCC_WARN_64_TO_32_BIT_CONVERSION = YES;
				GCC_WARN_ABOUT_RETURN_TYPE = YES_ERROR;
				GCC_WARN_UNDECLARED_SELECTOR = YES;
				GCC_WARN_UNINITIALIZED_AUTOS = YES_AGGRESSIVE;
				GCC_WARN_UNUSED_FUNCTION = YES;
				GCC_WARN_UNUSED_VARIABLE = YES;
				IPHONEOS_DEPLOYMENT_TARGET = 13.2;
				MTL_ENABLE_DEBUG_INFO = NO;
				MTL_FAST_MATH = YES;
				SDKROOT = iphoneos;
				SWIFT_COMPILATION_MODE = wholemodule;
				SWIFT_OPTIMIZATION_LEVEL = "-O";
				VALIDATE_PRODUCT = YES;
			};
			name = Release;
		};
		2C4F016223877EC50017063C /* Debug */ = {
			isa = XCBuildConfiguration;
			buildSettings = {
				ASSETCATALOG_COMPILER_APPICON_NAME = AppIcon;
				CODE_SIGN_STYLE = Automatic;
				DEVELOPMENT_ASSET_PATHS = "\"Day60Challenge/Preview Content\"";
				DEVELOPMENT_TEAM = XLJK8354DN;
				ENABLE_PREVIEWS = YES;
				INFOPLIST_FILE = Day60Challenge/Info.plist;
				IPHONEOS_DEPLOYMENT_TARGET = 13.1;
				LD_RUNPATH_SEARCH_PATHS = (
					"$(inherited)",
					"@executable_path/Frameworks",
				);
				PRODUCT_BUNDLE_IDENTIFIER = "com.john-mueller.Day60Challenge";
				PRODUCT_NAME = "$(TARGET_NAME)";
				SWIFT_VERSION = 5.0;
				TARGETED_DEVICE_FAMILY = "1,2";
			};
			name = Debug;
		};
		2C4F016323877EC50017063C /* Release */ = {
			isa = XCBuildConfiguration;
			buildSettings = {
				ASSETCATALOG_COMPILER_APPICON_NAME = AppIcon;
				CODE_SIGN_STYLE = Automatic;
				DEVELOPMENT_ASSET_PATHS = "\"Day60Challenge/Preview Content\"";
				DEVELOPMENT_TEAM = XLJK8354DN;
				ENABLE_PREVIEWS = YES;
				INFOPLIST_FILE = Day60Challenge/Info.plist;
				IPHONEOS_DEPLOYMENT_TARGET = 13.1;
				LD_RUNPATH_SEARCH_PATHS = (
					"$(inherited)",
					"@executable_path/Frameworks",
				);
				PRODUCT_BUNDLE_IDENTIFIER = "com.john-mueller.Day60Challenge";
				PRODUCT_NAME = "$(TARGET_NAME)";
				SWIFT_VERSION = 5.0;
				TARGETED_DEVICE_FAMILY = "1,2";
			};
			name = Release;
		};
/* End XCBuildConfiguration section */

/* Begin XCConfigurationList section */
		2C4F014823877EC30017063C /* Build configuration list for PBXProject "Day60Challenge" */ = {
			isa = XCConfigurationList;
			buildConfigurations = (
				2C4F015F23877EC50017063C /* Debug */,
				2C4F016023877EC50017063C /* Release */,
			);
			defaultConfigurationIsVisible = 0;
			defaultConfigurationName = Release;
		};
		2C4F016123877EC50017063C /* Build configuration list for PBXNativeTarget "Day60Challenge" */ = {
			isa = XCConfigurationList;
			buildConfigurations = (
				2C4F016223877EC50017063C /* Debug */,
				2C4F016323877EC50017063C /* Release */,
			);
			defaultConfigurationIsVisible = 0;
			defaultConfigurationName = Release;
		};
/* End XCConfigurationList section */
	};
	rootObject = 2C4F014523877EC30017063C /* Project object */;
}
