// !$*UTF8*$!
{
	archiveVersion = 1;
	classes = {
	};
	objectVersion = 50;
	objects = {

/* Begin PBXBuildFile section */
		2CA317D22370BE390088ECBE /* Model.swift in Sources */ = {isa = PBXBuildFile; fileRef = 2CA317D12370BE390088ECBE /* Model.swift */; };
		2CA317D42370BE610088ECBE /* Question.swift in Sources */ = {isa = PBXBuildFile; fileRef = 2CA317D32370BE610088ECBE /* Question.swift */; };
		2CA317D62370BE7D0088ECBE /* NumberSelection.swift in Sources */ = {isa = PBXBuildFile; fileRef = 2CA317D52370BE7D0088ECBE /* NumberSelection.swift */; };
		2CA317D82370BE9A0088ECBE /* SetupView.swift in Sources */ = {isa = PBXBuildFile; fileRef = 2CA317D72370BE9A0088ECBE /* SetupView.swift */; };
		2CA317DA2370BEB50088ECBE /* ButtonView.swift in Sources */ = {isa = PBXBuildFile; fileRef = 2CA317D92370BEB50088ECBE /* ButtonView.swift */; };
		2CA317DC2370BECE0088ECBE /* GameView.swift in Sources */ = {isa = PBXBuildFile; fileRef = 2CA317DB2370BECE0088ECBE /* GameView.swift */; };
		2CA317E0237110E10088ECBE /* FrameReader.swift in Sources */ = {isa = PBXBuildFile; fileRef = 2CA317DF237110E10088ECBE /* FrameReader.swift */; };
		2CA317E2237149F30088ECBE /* GameOverView.swift in Sources */ = {isa = PBXBuildFile; fileRef = 2CA317E1237149F30088ECBE /* GameOverView.swift */; };
		2CF6D2FE236733B900BE0C7E /* AppDelegate.swift in Sources */ = {isa = PBXBuildFile; fileRef = 2CF6D2FD236733B900BE0C7E /* AppDelegate.swift */; };
		2CF6D300236733B900BE0C7E /* SceneDelegate.swift in Sources */ = {isa = PBXBuildFile; fileRef = 2CF6D2FF236733B900BE0C7E /* SceneDelegate.swift */; };
		2CF6D302236733B900BE0C7E /* ContentView.swift in Sources */ = {isa = PBXBuildFile; fileRef = 2CF6D301236733B900BE0C7E /* ContentView.swift */; };
		2CF6D304236733BA00BE0C7E /* Assets.xcassets in Resources */ = {isa = PBXBuildFile; fileRef = 2CF6D303236733BA00BE0C7E /* Assets.xcassets */; };
		2CF6D307236733BA00BE0C7E /* Preview Assets.xcassets in Resources */ = {isa = PBXBuildFile; fileRef = 2CF6D306236733BA00BE0C7E /* Preview Assets.xcassets */; };
		2CF6D30A236733BA00BE0C7E /* LaunchScreen.storyboard in Resources */ = {isa = PBXBuildFile; fileRef = 2CF6D308236733BA00BE0C7E /* LaunchScreen.storyboard */; };
/* End PBXBuildFile section */

/* Begin PBXFileReference section */
		2CA317D12370BE390088ECBE /* Model.swift */ = {isa = PBXFileReference; lastKnownFileType = sourcecode.swift; path = Model.swift; sourceTree = "<group>"; };
		2CA317D32370BE610088ECBE /* Question.swift */ = {isa = PBXFileReference; lastKnownFileType = sourcecode.swift; path = Question.swift; sourceTree = "<group>"; };
		2CA317D52370BE7D0088ECBE /* NumberSelection.swift */ = {isa = PBXFileReference; lastKnownFileType = sourcecode.swift; path = NumberSelection.swift; sourceTree = "<group>"; };
		2CA317D72370BE9A0088ECBE /* SetupView.swift */ = {isa = PBXFileReference; lastKnownFileType = sourcecode.swift; path = SetupView.swift; sourceTree = "<group>"; };
		2CA317D92370BEB50088ECBE /* ButtonView.swift */ = {isa = PBXFileReference; lastKnownFileType = sourcecode.swift; path = ButtonView.swift; sourceTree = "<group>"; };
		2CA317DB2370BECE0088ECBE /* GameView.swift */ = {isa = PBXFileReference; lastKnownFileType = sourcecode.swift; path = GameView.swift; sourceTree = "<group>"; };
		2CA317DF237110E10088ECBE /* FrameReader.swift */ = {isa = PBXFileReference; lastKnownFileType = sourcecode.swift; path = FrameReader.swift; sourceTree = "<group>"; };
		2CA317E1237149F30088ECBE /* GameOverView.swift */ = {isa = PBXFileReference; lastKnownFileType = sourcecode.swift; path = GameOverView.swift; sourceTree = "<group>"; };
		2CF6D2FA236733B900BE0C7E /* Day35Challenge.app */ = {isa = PBXFileReference; explicitFileType = wrapper.application; includeInIndex = 0; path = Day35Challenge.app; sourceTree = BUILT_PRODUCTS_DIR; };
		2CF6D2FD236733B900BE0C7E /* AppDelegate.swift */ = {isa = PBXFileReference; lastKnownFileType = sourcecode.swift; path = AppDelegate.swift; sourceTree = "<group>"; };
		2CF6D2FF236733B900BE0C7E /* SceneDelegate.swift */ = {isa = PBXFileReference; lastKnownFileType = sourcecode.swift; path = SceneDelegate.swift; sourceTree = "<group>"; };
		2CF6D301236733B900BE0C7E /* ContentView.swift */ = {isa = PBXFileReference; lastKnownFileType = sourcecode.swift; path = ContentView.swift; sourceTree = "<group>"; };
		2CF6D303236733BA00BE0C7E /* Assets.xcassets */ = {isa = PBXFileReference; lastKnownFileType = folder.assetcatalog; path = Assets.xcassets; sourceTree = "<group>"; };
		2CF6D306236733BA00BE0C7E /* Preview Assets.xcassets */ = {isa = PBXFileReference; lastKnownFileType = folder.assetcatalog; path = "Preview Assets.xcassets"; sourceTree = "<group>"; };
		2CF6D309236733BA00BE0C7E /* Base */ = {isa = PBXFileReference; lastKnownFileType = file.storyboard; name = Base; path = Base.lproj/LaunchScreen.storyboard; sourceTree = "<group>"; };
		2CF6D30B236733BA00BE0C7E /* Info.plist */ = {isa = PBXFileReference; lastKnownFileType = text.plist.xml; path = Info.plist; sourceTree = "<group>"; };
/* End PBXFileReference section */

/* Begin PBXFrameworksBuildPhase section */
		2CF6D2F7236733B900BE0C7E /* Frameworks */ = {
			isa = PBXFrameworksBuildPhase;
			buildActionMask = 2147483647;
			files = (
			);
			runOnlyForDeploymentPostprocessing = 0;
		};
/* End PBXFrameworksBuildPhase section */

/* Begin PBXGroup section */
		2CF6D2F1236733B900BE0C7E = {
			isa = PBXGroup;
			children = (
				2CF6D2FC236733B900BE0C7E /* Day35Challenge */,
				2CF6D2FB236733B900BE0C7E /* Products */,
			);
			sourceTree = "<group>";
		};
		2CF6D2FB236733B900BE0C7E /* Products */ = {
			isa = PBXGroup;
			children = (
				2CF6D2FA236733B900BE0C7E /* Day35Challenge.app */,
			);
			name = Products;
			sourceTree = "<group>";
		};
		2CF6D2FC236733B900BE0C7E /* Day35Challenge */ = {
			isa = PBXGroup;
			children = (
				2CF6D2FD236733B900BE0C7E /* AppDelegate.swift */,
				2CF6D2FF236733B900BE0C7E /* SceneDelegate.swift */,
				2CF6D301236733B900BE0C7E /* ContentView.swift */,
				2CA317D72370BE9A0088ECBE /* SetupView.swift */,
				2CA317DB2370BECE0088ECBE /* GameView.swift */,
				2CA317E1237149F30088ECBE /* GameOverView.swift */,
				2CA317D92370BEB50088ECBE /* ButtonView.swift */,
				2CA317D12370BE390088ECBE /* Model.swift */,
				2CA317D32370BE610088ECBE /* Question.swift */,
				2CA317D52370BE7D0088ECBE /* NumberSelection.swift */,
				2CA317DF237110E10088ECBE /* FrameReader.swift */,
				2CF6D303236733BA00BE0C7E /* Assets.xcassets */,
				2CF6D308236733BA00BE0C7E /* LaunchScreen.storyboard */,
				2CF6D30B236733BA00BE0C7E /* Info.plist */,
				2CF6D305236733BA00BE0C7E /* Preview Content */,
			);
			path = Day35Challenge;
			sourceTree = "<group>";
		};
		2CF6D305236733BA00BE0C7E /* Preview Content */ = {
			isa = PBXGroup;
			children = (
				2CF6D306236733BA00BE0C7E /* Preview Assets.xcassets */,
			);
			path = "Preview Content";
			sourceTree = "<group>";
		};
/* End PBXGroup section */

/* Begin PBXNativeTarget section */
		2CF6D2F9236733B900BE0C7E /* Day35Challenge */ = {
			isa = PBXNativeTarget;
			buildConfigurationList = 2CF6D30E236733BA00BE0C7E /* Build configuration list for PBXNativeTarget "Day35Challenge" */;
			buildPhases = (
				2CF6D2F6236733B900BE0C7E /* Sources */,
				2CF6D2F7236733B900BE0C7E /* Frameworks */,
				2CF6D2F8236733B900BE0C7E /* Resources */,
			);
			buildRules = (
			);
			dependencies = (
			);
			name = Day35Challenge;
			productName = Day35Challenge;
			productReference = 2CF6D2FA236733B900BE0C7E /* Day35Challenge.app */;
			productType = "com.apple.product-type.application";
		};
/* End PBXNativeTarget section */

/* Begin PBXProject section */
		2CF6D2F2236733B900BE0C7E /* Project object */ = {
			isa = PBXProject;
			attributes = {
				LastSwiftUpdateCheck = 1120;
				LastUpgradeCheck = 1120;
				ORGANIZATIONNAME = "John Mueller";
				TargetAttributes = {
					2CF6D2F9236733B900BE0C7E = {
						CreatedOnToolsVersion = 11.2;
					};
				};
			};
			buildConfigurationList = 2CF6D2F5236733B900BE0C7E /* Build configuration list for PBXProject "Day35Challenge" */;
			compatibilityVersion = "Xcode 9.3";
			developmentRegion = en;
			hasScannedForEncodings = 0;
			knownRegions = (
				en,
				Base,
			);
			mainGroup = 2CF6D2F1236733B900BE0C7E;
			productRefGroup = 2CF6D2FB236733B900BE0C7E /* Products */;
			projectDirPath = "";
			projectRoot = "";
			targets = (
				2CF6D2F9236733B900BE0C7E /* Day35Challenge */,
			);
		};
/* End PBXProject section */

/* Begin PBXResourcesBuildPhase section */
		2CF6D2F8236733B900BE0C7E /* Resources */ = {
			isa = PBXResourcesBuildPhase;
			buildActionMask = 2147483647;
			files = (
				2CF6D30A236733BA00BE0C7E /* LaunchScreen.storyboard in Resources */,
				2CF6D307236733BA00BE0C7E /* Preview Assets.xcassets in Resources */,
				2CF6D304236733BA00BE0C7E /* Assets.xcassets in Resources */,
			);
			runOnlyForDeploymentPostprocessing = 0;
		};
/* End PBXResourcesBuildPhase section */

/* Begin PBXSourcesBuildPhase section */
		2CF6D2F6236733B900BE0C7E /* Sources */ = {
			isa = PBXSourcesBuildPhase;
			buildActionMask = 2147483647;
			files = (
				2CA317D42370BE610088ECBE /* Question.swift in Sources */,
				2CA317E2237149F30088ECBE /* GameOverView.swift in Sources */,
				2CA317D62370BE7D0088ECBE /* NumberSelection.swift in Sources */,
				2CA317DA2370BEB50088ECBE /* ButtonView.swift in Sources */,
				2CF6D2FE236733B900BE0C7E /* AppDelegate.swift in Sources */,
				2CA317DC2370BECE0088ECBE /* GameView.swift in Sources */,
				2CA317E0237110E10088ECBE /* FrameReader.swift in Sources */,
				2CA317D82370BE9A0088ECBE /* SetupView.swift in Sources */,
				2CF6D300236733B900BE0C7E /* SceneDelegate.swift in Sources */,
				2CF6D302236733B900BE0C7E /* ContentView.swift in Sources */,
				2CA317D22370BE390088ECBE /* Model.swift in Sources */,
			);
			runOnlyForDeploymentPostprocessing = 0;
		};
/* End PBXSourcesBuildPhase section */

/* Begin PBXVariantGroup section */
		2CF6D308236733BA00BE0C7E /* LaunchScreen.storyboard */ = {
			isa = PBXVariantGroup;
			children = (
				2CF6D309236733BA00BE0C7E /* Base */,
			);
			name = LaunchScreen.storyboard;
			sourceTree = "<group>";
		};
/* End PBXVariantGroup section */

/* Begin XCBuildConfiguration section */
		2CF6D30C236733BA00BE0C7E /* Debug */ = {
			isa = XCBuildConfiguration;
			buildSettings = {
				ALWAYS_SEARCH_USER_PATHS = NO;
				CLANG_ANALYZER_NONNULL = YES;
				CLANG_ANALYZER_NUMBER_OBJECT_CONVERSION = YES_AGGRESSIVE;
				CLANG_CXX_LANGUAGE_STANDARD = "gnu++14";
				CLANG_CXX_LIBRARY = "libc++";
				CLANG_ENABLE_MODULES = YES;
				CLANG_ENABLE_OBJC_ARC = YES;
				CLANG_ENABLE_OBJC_WEAK = YES;
				CLANG_WARN_BLOCK_CAPTURE_AUTORELEASING = YES;
				CLANG_WARN_BOOL_CONVERSION = YES;
				CLANG_WARN_COMMA = YES;
				CLANG_WARN_CONSTANT_CONVERSION = YES;
				CLANG_WARN_DEPRECATED_OBJC_IMPLEMENTATIONS = YES;
				CLANG_WARN_DIRECT_OBJC_ISA_USAGE = YES_ERROR;
				CLANG_WARN_DOCUMENTATION_COMMENTS = YES;
				CLANG_WARN_EMPTY_BODY = YES;
				CLANG_WARN_ENUM_CONVERSION = YES;
				CLANG_WARN_INFINITE_RECURSION = YES;
				CLANG_WARN_INT_CONVERSION = YES;
				CLANG_WARN_NON_LITERAL_NULL_CONVERSION = YES;
				CLANG_WARN_OBJC_IMPLICIT_RETAIN_SELF = YES;
				CLANG_WARN_OBJC_LITERAL_CONVERSION = YES;
				CLANG_WARN_OBJC_ROOT_CLASS = YES_ERROR;
				CLANG_WARN_RANGE_LOOP_ANALYSIS = YES;
				CLANG_WARN_STRICT_PROTOTYPES = YES;
				CLANG_WARN_SUSPICIOUS_MOVE = YES;
				CLANG_WARN_UNGUARDED_AVAILABILITY = YES_AGGRESSIVE;
				CLANG_WARN_UNREACHABLE_CODE = YES;
				CLANG_WARN__DUPLICATE_METHOD_MATCH = YES;
				COPY_PHASE_STRIP = NO;
				DEBUG_INFORMATION_FORMAT = dwarf;
				ENABLE_STRICT_OBJC_MSGSEND = YES;
				ENABLE_TESTABILITY = YES;
				GCC_C_LANGUAGE_STANDARD = gnu11;
				GCC_DYNAMIC_NO_PIC = NO;
				GCC_NO_COMMON_BLOCKS = YES;
				GCC_OPTIMIZATION_LEVEL = 0;
				GCC_PREPROCESSOR_DEFINITIONS = (
					"DEBUG=1",
					"$(inherited)",
				);
				GCC_WARN_64_TO_32_BIT_CONVERSION = YES;
				GCC_WARN_ABOUT_RETURN_TYPE = YES_ERROR;
				GCC_WARN_UNDECLARED_SELECTOR = YES;
				GCC_WARN_UNINITIALIZED_AUTOS = YES_AGGRESSIVE;
				GCC_WARN_UNUSED_FUNCTION = YES;
				GCC_WARN_UNUSED_VARIABLE = YES;
				IPHONEOS_DEPLOYMENT_TARGET = 13.2;
				MTL_ENABLE_DEBUG_INFO = INCLUDE_SOURCE;
				MTL_FAST_MATH = YES;
				ONLY_ACTIVE_ARCH = YES;
				SDKROOT = iphoneos;
				SWIFT_ACTIVE_COMPILATION_CONDITIONS = DEBUG;
				SWIFT_OPTIMIZATION_LEVEL = "-Onone";
			};
			name = Debug;
		};
		2CF6D30D236733BA00BE0C7E /* Release */ = {
			isa = XCBuildConfiguration;
			buildSettings = {
				ALWAYS_SEARCH_USER_PATHS = NO;
				CLANG_ANALYZER_NONNULL = YES;
				CLANG_ANALYZER_NUMBER_OBJECT_CONVERSION = YES_AGGRESSIVE;
				CLANG_CXX_LANGUAGE_STANDARD = "gnu++14";
				CLANG_CXX_LIBRARY = "libc++";
				CLANG_ENABLE_MODULES = YES;
				CLANG_ENABLE_OBJC_ARC = YES;
				CLANG_ENABLE_OBJC_WEAK = YES;
				CLANG_WARN_BLOCK_CAPTURE_AUTORELEASING = YES;
				CLANG_WARN_BOOL_CONVERSION = YES;
				CLANG_WARN_COMMA = YES;
				CLANG_WARN_CONSTANT_CONVERSION = YES;
				CLANG_WARN_DEPRECATED_OBJC_IMPLEMENTATIONS = YES;
				CLANG_WARN_DIRECT_OBJC_ISA_USAGE = YES_ERROR;
				CLANG_WARN_DOCUMENTATION_COMMENTS = YES;
				CLANG_WARN_EMPTY_BODY = YES;
				CLANG_WARN_ENUM_CONVERSION = YES;
				CLANG_WARN_INFINITE_RECURSION = YES;
				CLANG_WARN_INT_CONVERSION = YES;
				CLANG_WARN_NON_LITERAL_NULL_CONVERSION = YES;
				CLANG_WARN_OBJC_IMPLICIT_RETAIN_SELF = YES;
				CLANG_WARN_OBJC_LITERAL_CONVERSION = YES;
				CLANG_WARN_OBJC_ROOT_CLASS = YES_ERROR;
				CLANG_WARN_RANGE_LOOP_ANALYSIS = YES;
				CLANG_WARN_STRICT_PROTOTYPES = YES;
				CLANG_WARN_SUSPICIOUS_MOVE = YES;
				CLANG_WARN_UNGUARDED_AVAILABILITY = YES_AGGRESSIVE;
				CLANG_WARN_UNREACHABLE_CODE = YES;
				CLANG_WARN__DUPLICATE_METHOD_MATCH = YES;
				COPY_PHASE_STRIP = NO;
				DEBUG_INFORMATION_FORMAT = "dwarf-with-dsym";
				ENABLE_NS_ASSERTIONS = NO;
				ENABLE_STRICT_OBJC_MSGSEND = YES;
				GCC_C_LANGUAGE_STANDARD = gnu11;
				GCC_NO_COMMON_BLOCKS = YES;
				GCC_WARN_64_TO_32_BIT_CONVERSION = YES;
				GCC_WARN_ABOUT_RETURN_TYPE = YES_ERROR;
				GCC_WARN_UNDECLARED_SELECTOR = YES;
				GCC_WARN_UNINITIALIZED_AUTOS = YES_AGGRESSIVE;
				GCC_WARN_UNUSED_FUNCTION = YES;
				GCC_WARN_UNUSED_VARIABLE = YES;
				IPHONEOS_DEPLOYMENT_TARGET = 13.2;
				MTL_ENABLE_DEBUG_INFO = NO;
				MTL_FAST_MATH = YES;
				SDKROOT = iphoneos;
				SWIFT_COMPILATION_MODE = wholemodule;
				SWIFT_OPTIMIZATION_LEVEL = "-O";
				VALIDATE_PRODUCT = YES;
			};
			name = Release;
		};
		2CF6D30F236733BA00BE0C7E /* Debug */ = {
			isa = XCBuildConfiguration;
			buildSettings = {
				ASSETCATALOG_COMPILER_APPICON_NAME = AppIcon;
				CODE_SIGN_STYLE = Automatic;
				DEVELOPMENT_ASSET_PATHS = "\"Day35Challenge/Preview Content\"";
				DEVELOPMENT_TEAM = XLJK8354DN;
				ENABLE_PREVIEWS = YES;
				INFOPLIST_FILE = Day35Challenge/Info.plist;
				IPHONEOS_DEPLOYMENT_TARGET = 13.1;
				LD_RUNPATH_SEARCH_PATHS = (
					"$(inherited)",
					"@executable_path/Frameworks",
				);
				PRODUCT_BUNDLE_IDENTIFIER = "com.john-mueller.Day35Challenge";
				PRODUCT_NAME = "$(TARGET_NAME)";
				SWIFT_VERSION = 5.0;
				TARGETED_DEVICE_FAMILY = "1,2";
			};
			name = Debug;
		};
		2CF6D310236733BA00BE0C7E /* Release */ = {
			isa = XCBuildConfiguration;
			buildSettings = {
				ASSETCATALOG_COMPILER_APPICON_NAME = AppIcon;
				CODE_SIGN_STYLE = Automatic;
				DEVELOPMENT_ASSET_PATHS = "\"Day35Challenge/Preview Content\"";
				DEVELOPMENT_TEAM = XLJK8354DN;
				ENABLE_PREVIEWS = YES;
				INFOPLIST_FILE = Day35Challenge/Info.plist;
				IPHONEOS_DEPLOYMENT_TARGET = 13.1;
				LD_RUNPATH_SEARCH_PATHS = (
					"$(inherited)",
					"@executable_path/Frameworks",
				);
				PRODUCT_BUNDLE_IDENTIFIER = "com.john-mueller.Day35Challenge";
				PRODUCT_NAME = "$(TARGET_NAME)";
				SWIFT_VERSION = 5.0;
				TARGETED_DEVICE_FAMILY = "1,2";
			};
			name = Release;
		};
/* End XCBuildConfiguration section */

/* Begin XCConfigurationList section */
		2CF6D2F5236733B900BE0C7E /* Build configuration list for PBXProject "Day35Challenge" */ = {
			isa = XCConfigurationList;
			buildConfigurations = (
				2CF6D30C236733BA00BE0C7E /* Debug */,
				2CF6D30D236733BA00BE0C7E /* Release */,
			);
			defaultConfigurationIsVisible = 0;
			defaultConfigurationName = Release;
		};
		2CF6D30E236733BA00BE0C7E /* Build configuration list for PBXNativeTarget "Day35Challenge" */ = {
			isa = XCConfigurationList;
			buildConfigurations = (
				2CF6D30F236733BA00BE0C7E /* Debug */,
				2CF6D310236733BA00BE0C7E /* Release */,
			);
			defaultConfigurationIsVisible = 0;
			defaultConfigurationName = Release;
		};
/* End XCConfigurationList section */
	};
	rootObject = 2CF6D2F2236733B900BE0C7E /* Project object */;
}
