// !$*UTF8*$!
{
	archiveVersion = 1;
	classes = {
	};
	objectVersion = 50;
	objects = {

/* Begin PBXBuildFile section */
		2C301949237F176E00B46EEA /* AppDelegate.swift in Sources */ = {isa = PBXBuildFile; fileRef = 2C301948237F176E00B46EEA /* AppDelegate.swift */; };
		2C30194B237F176E00B46EEA /* SceneDelegate.swift in Sources */ = {isa = PBXBuildFile; fileRef = 2C30194A237F176E00B46EEA /* SceneDelegate.swift */; };
		2C30194E237F176E00B46EEA /* Bookworm.xcdatamodeld in Sources */ = {isa = PBXBuildFile; fileRef = 2C30194C237F176E00B46EEA /* Bookworm.xcdatamodeld */; };
		2C301950237F176E00B46EEA /* ContentView.swift in Sources */ = {isa = PBXBuildFile; fileRef = 2C30194F237F176E00B46EEA /* ContentView.swift */; };
		2C301952237F177100B46EEA /* Assets.xcassets in Resources */ = {isa = PBXBuildFile; fileRef = 2C301951237F177100B46EEA /* Assets.xcassets */; };
		2C301955237F177100B46EEA /* Preview Assets.xcassets in Resources */ = {isa = PBXBuildFile; fileRef = 2C301954237F177100B46EEA /* Preview Assets.xcassets */; };
		2C301958237F177100B46EEA /* LaunchScreen.storyboard in Resources */ = {isa = PBXBuildFile; fileRef = 2C301956237F177100B46EEA /* LaunchScreen.storyboard */; };
		2CCC900F237F9FC800AA4F7D /* AddBookView.swift in Sources */ = {isa = PBXBuildFile; fileRef = 2CCC900E237F9FC800AA4F7D /* AddBookView.swift */; };
		2CCC9011237FA44000AA4F7D /* RatingView.swift in Sources */ = {isa = PBXBuildFile; fileRef = 2CCC9010237FA44000AA4F7D /* RatingView.swift */; };
		2CCC9013237FA5C100AA4F7D /* EmojiRatingView.swift in Sources */ = {isa = PBXBuildFile; fileRef = 2CCC9012237FA5C100AA4F7D /* EmojiRatingView.swift */; };
		2CCC90332380C08500AA4F7D /* DetailView.swift in Sources */ = {isa = PBXBuildFile; fileRef = 2CCC90322380C08500AA4F7D /* DetailView.swift */; };
/* End PBXBuildFile section */

/* Begin PBXFileReference section */
		2C301945237F176E00B46EEA /* Bookworm.app */ = {isa = PBXFileReference; explicitFileType = wrapper.application; includeInIndex = 0; path = Bookworm.app; sourceTree = BUILT_PRODUCTS_DIR; };
		2C301948237F176E00B46EEA /* AppDelegate.swift */ = {isa = PBXFileReference; lastKnownFileType = sourcecode.swift; path = AppDelegate.swift; sourceTree = "<group>"; };
		2C30194A237F176E00B46EEA /* SceneDelegate.swift */ = {isa = PBXFileReference; lastKnownFileType = sourcecode.swift; path = SceneDelegate.swift; sourceTree = "<group>"; };
		2C30194D237F176E00B46EEA /* Bookworm.xcdatamodel */ = {isa = PBXFileReference; lastKnownFileType = wrapper.xcdatamodel; path = Bookworm.xcdatamodel; sourceTree = "<group>"; };
		2C30194F237F176E00B46EEA /* ContentView.swift */ = {isa = PBXFileReference; lastKnownFileType = sourcecode.swift; path = ContentView.swift; sourceTree = "<group>"; };
		2C301951237F177100B46EEA /* Assets.xcassets */ = {isa = PBXFileReference; lastKnownFileType = folder.assetcatalog; path = Assets.xcassets; sourceTree = "<group>"; };
		2C301954237F177100B46EEA /* Preview Assets.xcassets */ = {isa = PBXFileReference; lastKnownFileType = folder.assetcatalog; path = "Preview Assets.xcassets"; sourceTree = "<group>"; };
		2C301957237F177100B46EEA /* Base */ = {isa = PBXFileReference; lastKnownFileType = file.storyboard; name = Base; path = Base.lproj/LaunchScreen.storyboard; sourceTree = "<group>"; };
		2C301959237F177100B46EEA /* Info.plist */ = {isa = PBXFileReference; lastKnownFileType = text.plist.xml; path = Info.plist; sourceTree = "<group>"; };
		2CCC900E237F9FC800AA4F7D /* AddBookView.swift */ = {isa = PBXFileReference; lastKnownFileType = sourcecode.swift; path = AddBookView.swift; sourceTree = "<group>"; };
		2CCC9010237FA44000AA4F7D /* RatingView.swift */ = {isa = PBXFileReference; lastKnownFileType = sourcecode.swift; path = RatingView.swift; sourceTree = "<group>"; };
		2CCC9012237FA5C100AA4F7D /* EmojiRatingView.swift */ = {isa = PBXFileReference; lastKnownFileType = sourcecode.swift; path = EmojiRatingView.swift; sourceTree = "<group>"; };
		2CCC90322380C08500AA4F7D /* DetailView.swift */ = {isa = PBXFileReference; lastKnownFileType = sourcecode.swift; path = DetailView.swift; sourceTree = "<group>"; };
/* End PBXFileReference section */

/* Begin PBXFrameworksBuildPhase section */
		2C301942237F176E00B46EEA /* Frameworks */ = {
			isa = PBXFrameworksBuildPhase;
			buildActionMask = 2147483647;
			files = (
			);
			runOnlyForDeploymentPostprocessing = 0;
		};
/* End PBXFrameworksBuildPhase section */

/* Begin PBXGroup section */
		2C30193C237F176E00B46EEA = {
			isa = PBXGroup;
			children = (
				2C301947237F176E00B46EEA /* Bookworm */,
				2C301946237F176E00B46EEA /* Products */,
			);
			sourceTree = "<group>";
		};
		2C301946237F176E00B46EEA /* Products */ = {
			isa = PBXGroup;
			children = (
				2C301945237F176E00B46EEA /* Bookworm.app */,
			);
			name = Products;
			sourceTree = "<group>";
		};
		2C301947237F176E00B46EEA /* Bookworm */ = {
			isa = PBXGroup;
			children = (
				2C301948237F176E00B46EEA /* AppDelegate.swift */,
				2C30194A237F176E00B46EEA /* SceneDelegate.swift */,
				2C30194F237F176E00B46EEA /* ContentView.swift */,
				2CCC9012237FA5C100AA4F7D /* EmojiRatingView.swift */,
				2CCC900E237F9FC800AA4F7D /* AddBookView.swift */,
				2CCC9010237FA44000AA4F7D /* RatingView.swift */,
				2CCC90322380C08500AA4F7D /* DetailView.swift */,
				2C301951237F177100B46EEA /* Assets.xcassets */,
				2C301956237F177100B46EEA /* LaunchScreen.storyboard */,
				2C301959237F177100B46EEA /* Info.plist */,
				2C30194C237F176E00B46EEA /* Bookworm.xcdatamodeld */,
				2C301953237F177100B46EEA /* Preview Content */,
			);
			path = Bookworm;
			sourceTree = "<group>";
		};
		2C301953237F177100B46EEA /* Preview Content */ = {
			isa = PBXGroup;
			children = (
				2C301954237F177100B46EEA /* Preview Assets.xcassets */,
			);
			path = "Preview Content";
			sourceTree = "<group>";
		};
/* End PBXGroup section */

/* Begin PBXNativeTarget section */
		2C301944237F176E00B46EEA /* Bookworm */ = {
			isa = PBXNativeTarget;
			buildConfigurationList = 2C30195C237F177100B46EEA /* Build configuration list for PBXNativeTarget "Bookworm" */;
			buildPhases = (
				2C301941237F176E00B46EEA /* Sources */,
				2C301942237F176E00B46EEA /* Frameworks */,
				2C301943237F176E00B46EEA /* Resources */,
			);
			buildRules = (
			);
			dependencies = (
			);
			name = Bookworm;
			productName = Bookworm;
			productReference = 2C301945237F176E00B46EEA /* Bookworm.app */;
			productType = "com.apple.product-type.application";
		};
/* End PBXNativeTarget section */

/* Begin PBXProject section */
		2C30193D237F176E00B46EEA /* Project object */ = {
			isa = PBXProject;
			attributes = {
				LastSwiftUpdateCheck = 1120;
				LastUpgradeCheck = 1120;
				ORGANIZATIONNAME = "John Mueller";
				TargetAttributes = {
					2C301944237F176E00B46EEA = {
						CreatedOnToolsVersion = 11.2;
					};
				};
			};
			buildConfigurationList = 2C301940237F176E00B46EEA /* Build configuration list for PBXProject "Bookworm" */;
			compatibilityVersion = "Xcode 9.3";
			developmentRegion = en;
			hasScannedForEncodings = 0;
			knownRegions = (
				en,
				Base,
			);
			mainGroup = 2C30193C237F176E00B46EEA;
			productRefGroup = 2C301946237F176E00B46EEA /* Products */;
			projectDirPath = "";
			projectRoot = "";
			targets = (
				2C301944237F176E00B46EEA /* Bookworm */,
			);
		};
/* End PBXProject section */

/* Begin PBXResourcesBuildPhase section */
		2C301943237F176E00B46EEA /* Resources */ = {
			isa = PBXResourcesBuildPhase;
			buildActionMask = 2147483647;
			files = (
				2C301958237F177100B46EEA /* LaunchScreen.storyboard in Resources */,
				2C301955237F177100B46EEA /* Preview Assets.xcassets in Resources */,
				2C301952237F177100B46EEA /* Assets.xcassets in Resources */,
			);
			runOnlyForDeploymentPostprocessing = 0;
		};
/* End PBXResourcesBuildPhase section */

/* Begin PBXSourcesBuildPhase section */
		2C301941237F176E00B46EEA /* Sources */ = {
			isa = PBXSourcesBuildPhase;
			buildActionMask = 2147483647;
			files = (
				2C301949237F176E00B46EEA /* AppDelegate.swift in Sources */,
				2CCC90332380C08500AA4F7D /* DetailView.swift in Sources */,
				2C30194E237F176E00B46EEA /* Bookworm.xcdatamodeld in Sources */,
				2CCC9013237FA5C100AA4F7D /* EmojiRatingView.swift in Sources */,
				2C301950237F176E00B46EEA /* ContentView.swift in Sources */,
				2CCC9011237FA44000AA4F7D /* RatingView.swift in Sources */,
				2C30194B237F176E00B46EEA /* SceneDelegate.swift in Sources */,
				2CCC900F237F9FC800AA4F7D /* AddBookView.swift in Sources */,
			);
			runOnlyForDeploymentPostprocessing = 0;
		};
/* End PBXSourcesBuildPhase section */

/* Begin PBXVariantGroup section */
		2C301956237F177100B46EEA /* LaunchScreen.storyboard */ = {
			isa = PBXVariantGroup;
			children = (
				2C301957237F177100B46EEA /* Base */,
			);
			name = LaunchScreen.storyboard;
			sourceTree = "<group>";
		};
/* End PBXVariantGroup section */

/* Begin XCBuildConfiguration section */
		2C30195A237F177100B46EEA /* Debug */ = {
			isa = XCBuildConfiguration;
			buildSettings = {
				ALWAYS_SEARCH_USER_PATHS = NO;
				CLANG_ANALYZER_NONNULL = YES;
				CLANG_ANALYZER_NUMBER_OBJECT_CONVERSION = YES_AGGRESSIVE;
				CLANG_CXX_LANGUAGE_STANDARD = "gnu++14";
				CLANG_CXX_LIBRARY = "libc++";
				CLANG_ENABLE_MODULES = YES;
				CLANG_ENABLE_OBJC_ARC = YES;
				CLANG_ENABLE_OBJC_WEAK = YES;
				CLANG_WARN_BLOCK_CAPTURE_AUTORELEASING = YES;
				CLANG_WARN_BOOL_CONVERSION = YES;
				CLANG_WARN_COMMA = YES;
				CLANG_WARN_CONSTANT_CONVERSION = YES;
				CLANG_WARN_DEPRECATED_OBJC_IMPLEMENTATIONS = YES;
				CLANG_WARN_DIRECT_OBJC_ISA_USAGE = YES_ERROR;
				CLANG_WARN_DOCUMENTATION_COMMENTS = YES;
				CLANG_WARN_EMPTY_BODY = YES;
				CLANG_WARN_ENUM_CONVERSION = YES;
				CLANG_WARN_INFINITE_RECURSION = YES;
				CLANG_WARN_INT_CONVERSION = YES;
				CLANG_WARN_NON_LITERAL_NULL_CONVERSION = YES;
				CLANG_WARN_OBJC_IMPLICIT_RETAIN_SELF = YES;
				CLANG_WARN_OBJC_LITERAL_CONVERSION = YES;
				CLANG_WARN_OBJC_ROOT_CLASS = YES_ERROR;
				CLANG_WARN_RANGE_LOOP_ANALYSIS = YES;
				CLANG_WARN_STRICT_PROTOTYPES = YES;
				CLANG_WARN_SUSPICIOUS_MOVE = YES;
				CLANG_WARN_UNGUARDED_AVAILABILITY = YES_AGGRESSIVE;
				CLANG_WARN_UNREACHABLE_CODE = YES;
				CLANG_WARN__DUPLICATE_METHOD_MATCH = YES;
				COPY_PHASE_STRIP = NO;
				DEBUG_INFORMATION_FORMAT = dwarf;
				ENABLE_STRICT_OBJC_MSGSEND = YES;
				ENABLE_TESTABILITY = YES;
				GCC_C_LANGUAGE_STANDARD = gnu11;
				GCC_DYNAMIC_NO_PIC = NO;
				GCC_NO_COMMON_BLOCKS = YES;
				GCC_OPTIMIZATION_LEVEL = 0;
				GCC_PREPROCESSOR_DEFINITIONS = (
					"DEBUG=1",
					"$(inherited)",
				);
				GCC_WARN_64_TO_32_BIT_CONVERSION = YES;
				GCC_WARN_ABOUT_RETURN_TYPE = YES_ERROR;
				GCC_WARN_UNDECLARED_SELECTOR = YES;
				GCC_WARN_UNINITIALIZED_AUTOS = YES_AGGRESSIVE;
				GCC_WARN_UNUSED_FUNCTION = YES;
				GCC_WARN_UNUSED_VARIABLE = YES;
				IPHONEOS_DEPLOYMENT_TARGET = 13.2;
				MTL_ENABLE_DEBUG_INFO = INCLUDE_SOURCE;
				MTL_FAST_MATH = YES;
				ONLY_ACTIVE_ARCH = YES;
				SDKROOT = iphoneos;
				SWIFT_ACTIVE_COMPILATION_CONDITIONS = DEBUG;
				SWIFT_OPTIMIZATION_LEVEL = "-Onone";
			};
			name = Debug;
		};
		2C30195B237F177100B46EEA /* Release */ = {
			isa = XCBuildConfiguration;
			buildSettings = {
				ALWAYS_SEARCH_USER_PATHS = NO;
				CLANG_ANALYZER_NONNULL = YES;
				CLANG_ANALYZER_NUMBER_OBJECT_CONVERSION = YES_AGGRESSIVE;
				CLANG_CXX_LANGUAGE_STANDARD = "gnu++14";
				CLANG_CXX_LIBRARY = "libc++";
				CLANG_ENABLE_MODULES = YES;
				CLANG_ENABLE_OBJC_ARC = YES;
				CLANG_ENABLE_OBJC_WEAK = YES;
				CLANG_WARN_BLOCK_CAPTURE_AUTORELEASING = YES;
				CLANG_WARN_BOOL_CONVERSION = YES;
				CLANG_WARN_COMMA = YES;
				CLANG_WARN_CONSTANT_CONVERSION = YES;
				CLANG_WARN_DEPRECATED_OBJC_IMPLEMENTATIONS = YES;
				CLANG_WARN_DIRECT_OBJC_ISA_USAGE = YES_ERROR;
				CLANG_WARN_DOCUMENTATION_COMMENTS = YES;
				CLANG_WARN_EMPTY_BODY = YES;
				CLANG_WARN_ENUM_CONVERSION = YES;
				CLANG_WARN_INFINITE_RECURSION = YES;
				CLANG_WARN_INT_CONVERSION = YES;
				CLANG_WARN_NON_LITERAL_NULL_CONVERSION = YES;
				CLANG_WARN_OBJC_IMPLICIT_RETAIN_SELF = YES;
				CLANG_WARN_OBJC_LITERAL_CONVERSION = YES;
				CLANG_WARN_OBJC_ROOT_CLASS = YES_ERROR;
				CLANG_WARN_RANGE_LOOP_ANALYSIS = YES;
				CLANG_WARN_STRICT_PROTOTYPES = YES;
				CLANG_WARN_SUSPICIOUS_MOVE = YES;
				CLANG_WARN_UNGUARDED_AVAILABILITY = YES_AGGRESSIVE;
				CLANG_WARN_UNREACHABLE_CODE = YES;
				CLANG_WARN__DUPLICATE_METHOD_MATCH = YES;
				COPY_PHASE_STRIP = NO;
				DEBUG_INFORMATION_FORMAT = "dwarf-with-dsym";
				ENABLE_NS_ASSERTIONS = NO;
				ENABLE_STRICT_OBJC_MSGSEND = YES;
				GCC_C_LANGUAGE_STANDARD = gnu11;
				GCC_NO_COMMON_BLOCKS = YES;
				GCC_WARN_64_TO_32_BIT_CONVERSION = YES;
				GCC_WARN_ABOUT_RETURN_TYPE = YES_ERROR;
				GCC_WARN_UNDECLARED_SELECTOR = YES;
				GCC_WARN_UNINITIALIZED_AUTOS = YES_AGGRESSIVE;
				GCC_WARN_UNUSED_FUNCTION = YES;
				GCC_WARN_UNUSED_VARIABLE = YES;
				IPHONEOS_DEPLOYMENT_TARGET = 13.2;
				MTL_ENABLE_DEBUG_INFO = NO;
				MTL_FAST_MATH = YES;
				SDKROOT = iphoneos;
				SWIFT_COMPILATION_MODE = wholemodule;
				SWIFT_OPTIMIZATION_LEVEL = "-O";
				VALIDATE_PRODUCT = YES;
			};
			name = Release;
		};
		2C30195D237F177100B46EEA /* Debug */ = {
			isa = XCBuildConfiguration;
			buildSettings = {
				ASSETCATALOG_COMPILER_APPICON_NAME = AppIcon;
				CODE_SIGN_STYLE = Automatic;
				DEVELOPMENT_ASSET_PATHS = "\"Bookworm/Preview Content\"";
				DEVELOPMENT_TEAM = XLJK8354DN;
				ENABLE_PREVIEWS = YES;
				INFOPLIST_FILE = Bookworm/Info.plist;
				LD_RUNPATH_SEARCH_PATHS = (
					"$(inherited)",
					"@executable_path/Frameworks",
				);
				PRODUCT_BUNDLE_IDENTIFIER = "com.john-mueller.Bookworm";
				PRODUCT_NAME = "$(TARGET_NAME)";
				SWIFT_VERSION = 5.0;
				TARGETED_DEVICE_FAMILY = "1,2";
			};
			name = Debug;
		};
		2C30195E237F177100B46EEA /* Release */ = {
			isa = XCBuildConfiguration;
			buildSettings = {
				ASSETCATALOG_COMPILER_APPICON_NAME = AppIcon;
				CODE_SIGN_STYLE = Automatic;
				DEVELOPMENT_ASSET_PATHS = "\"Bookworm/Preview Content\"";
				DEVELOPMENT_TEAM = XLJK8354DN;
				ENABLE_PREVIEWS = YES;
				INFOPLIST_FILE = Bookworm/Info.plist;
				LD_RUNPATH_SEARCH_PATHS = (
					"$(inherited)",
					"@executable_path/Frameworks",
				);
				PRODUCT_BUNDLE_IDENTIFIER = "com.john-mueller.Bookworm";
				PRODUCT_NAME = "$(TARGET_NAME)";
				SWIFT_VERSION = 5.0;
				TARGETED_DEVICE_FAMILY = "1,2";
			};
			name = Release;
		};
/* End XCBuildConfiguration section */

/* Begin XCConfigurationList section */
		2C301940237F176E00B46EEA /* Build configuration list for PBXProject "Bookworm" */ = {
			isa = XCConfigurationList;
			buildConfigurations = (
				2C30195A237F177100B46EEA /* Debug */,
				2C30195B237F177100B46EEA /* Release */,
			);
			defaultConfigurationIsVisible = 0;
			defaultConfigurationName = Release;
		};
		2C30195C237F177100B46EEA /* Build configuration list for PBXNativeTarget "Bookworm" */ = {
			isa = XCConfigurationList;
			buildConfigurations = (
				2C30195D237F177100B46EEA /* Debug */,
				2C30195E237F177100B46EEA /* Release */,
			);
			defaultConfigurationIsVisible = 0;
			defaultConfigurationName = Release;
		};
/* End XCConfigurationList section */

/* Begin XCVersionGroup section */
		2C30194C237F176E00B46EEA /* Bookworm.xcdatamodeld */ = {
			isa = XCVersionGroup;
			children = (
				2C30194D237F176E00B46EEA /* Bookworm.xcdatamodel */,
			);
			currentVersion = 2C30194D237F176E00B46EEA /* Bookworm.xcdatamodel */;
			path = Bookworm.xcdatamodeld;
			sourceTree = "<group>";
			versionGroupType = wrapper.xcdatamodel;
		};
/* End XCVersionGroup section */
	};
	rootObject = 2C30193D237F176E00B46EEA /* Project object */;
}
